
Microsoft Visual Studio Solution File, Format Version 12.00
# Visual Studio Version 17
VisualStudioVersion = 17.1.32414.318
MinimumVisualStudioVersion = 10.0.40219.1
Project("{FAE04EC0-301F-11D3-BF4B-00C04F79EFBC}") = "Lab6_MultiMatrix", "Lab6_MultiMatrix\Lab6_MultiMatrix.csproj", "{186CBB2B-FCF6-4565-BB13-9C686D2EBB66}"
EndProject
Global
	GlobalSection(SolutionConfigurationPlatforms) = preSolution
		Debug|Any CPU = Debug|Any CPU
		Release|Any CPU = Release|Any CPU
	EndGlobalSection
	GlobalSection(ProjectConfigurationPlatforms) = postSolution
		{186CBB2B-FCF6-4565-BB13-9C686D2EBB66}.Debug|Any CPU.ActiveCfg = Debug|Any CPU
		{186CBB2B-FCF6-4565-BB13-9C686D2EBB66}.Debug|Any CPU.Build.0 = Debug|Any CPU
		{186CBB2B-FCF6-4565-BB13-9C686D2EBB66}.Release|Any CPU.ActiveCfg = Release|Any CPU
		{186CBB2B-FCF6-4565-BB13-9C686D2EBB66}.Release|Any CPU.Build.0 = Release|Any CPU
	EndGlobalSection
	GlobalSection(SolutionProperties) = preSolution
		HideSolutionNode = FALSE
	EndGlobalSection
	GlobalSection(ExtensibilityGlobals) = postSolution
		SolutionGuid = {DF885418-EE0D-4325-815D-64B88B007432}
	EndGlobalSection
EndGlobal
